
Microsoft Visual Studio Solution File, Format Version 12.00
# Visual Studio 15
VisualStudioVersion = 15.0.28010.2041
MinimumVisualStudioVersion = 10.0.40219.1
Project("{FAE04EC0-301F-11D3-BF4B-00C04F79EFBC}") = "ExercicioDia28_LucasMorato", "ExercicioDia28_LucasMorato\ExercicioDia28_LucasMorato.csproj", "{2DEFAE91-60B0-4C50-B06C-FDC1470F86B5}"
EndProject
Global
	GlobalSection(SolutionConfigurationPlatforms) = preSolution
		Debug|Any CPU = Debug|Any CPU
		Release|Any CPU = Release|Any CPU
	EndGlobalSection
	GlobalSection(ProjectConfigurationPlatforms) = postSolution
		{2DEFAE91-60B0-4C50-B06C-FDC1470F86B5}.Debug|Any CPU.ActiveCfg = Debug|Any CPU
		{2DEFAE91-60B0-4C50-B06C-FDC1470F86B5}.Debug|Any CPU.Build.0 = Debug|Any CPU
		{2DEFAE91-60B0-4C50-B06C-FDC1470F86B5}.Release|Any CPU.ActiveCfg = Release|Any CPU
		{2DEFAE91-60B0-4C50-B06C-FDC1470F86B5}.Release|Any CPU.Build.0 = Release|Any CPU
	EndGlobalSection
	GlobalSection(SolutionProperties) = preSolution
		HideSolutionNode = FALSE
	EndGlobalSection
	GlobalSection(ExtensibilityGlobals) = postSolution
		SolutionGuid = {8F766AB6-1588-4FAD-81A8-5A50A6327D72}
	EndGlobalSection
EndGlobal
